
Microsoft Visual Studio Solution File, Format Version 12.00
# Visual Studio 2012
Project("{8BC9CEB8-8B4A-11D0-8D11-00A0C91BC942}") = "Programación CGI básica Parte III", "Programación CGI básica Parte III\Programación CGI básica Parte III.vcxproj", "{BA3E4F50-44F5-4AE6-AA42-A2FC007C3DFE}"
EndProject
Global
	GlobalSection(SolutionConfigurationPlatforms) = preSolution
		Debug|Win32 = Debug|Win32
		Release|Win32 = Release|Win32
	EndGlobalSection
	GlobalSection(ProjectConfigurationPlatforms) = postSolution
		{BA3E4F50-44F5-4AE6-AA42-A2FC007C3DFE}.Debug|Win32.ActiveCfg = Debug|Win32
		{BA3E4F50-44F5-4AE6-AA42-A2FC007C3DFE}.Debug|Win32.Build.0 = Debug|Win32
		{BA3E4F50-44F5-4AE6-AA42-A2FC007C3DFE}.Release|Win32.ActiveCfg = Release|Win32
		{BA3E4F50-44F5-4AE6-AA42-A2FC007C3DFE}.Release|Win32.Build.0 = Release|Win32
	EndGlobalSection
	GlobalSection(SolutionProperties) = preSolution
		HideSolutionNode = FALSE
	EndGlobalSection
EndGlobal
